
Microsoft Visual Studio Solution File, Format Version 12.00
# Visual Studio Version 17
VisualStudioVersion = 17.1.32228.430
MinimumVisualStudioVersion = 10.0.40219.1
Project("{FAE04EC0-301F-11D3-BF4B-00C04F79EFBC}") = "HX0KAT_HFT_2021222.Client", "HX0KAT_HFT_2021222.Client\HX0KAT_HFT_2021222.Client.csproj", "{70A83EFF-EB31-4FCA-B292-6E60CF3AB859}"
EndProject
Project("{FAE04EC0-301F-11D3-BF4B-00C04F79EFBC}") = "HX0KAT_HFT_2021222.Models", "HX0KAT_HFT_2021222.Models\HX0KAT_HFT_2021222.Models.csproj", "{A256EB49-F8E8-4721-A86F-D1DF5D52871C}"
EndProject
Project("{FAE04EC0-301F-11D3-BF4B-00C04F79EFBC}") = "HX0KAT_HFT_2021222.Logic", "HX0KAT_HFT_2021222.Logic\HX0KAT_HFT_2021222.Logic.csproj", "{F3E64B3A-CF53-4460-A114-8E24CD0FAE64}"
EndProject
Project("{FAE04EC0-301F-11D3-BF4B-00C04F79EFBC}") = "HX0KAT_HFT_2021222.Repository", "HX0KAT_HFT_2021222.Repository\HX0KAT_HFT_2021222.Repository.csproj", "{054E4475-1CD8-4F58-B21D-2B5324114F8E}"
EndProject
Project("{FAE04EC0-301F-11D3-BF4B-00C04F79EFBC}") = "HX0KAT_HFT_2021222.Endpoint", "HX0KAT_HFT_2021222.Endpoint\HX0KAT_HFT_2021222.Endpoint.csproj", "{6F23C0EC-62AD-4F44-8A32-80775ED41AC0}"
EndProject
Project("{FAE04EC0-301F-11D3-BF4B-00C04F79EFBC}") = "HX0KAT_HFT_2021222.Test", "HX0KAT_HFT_2021222.Test\HX0KAT_HFT_2021222.Test.csproj", "{3DF90FFE-638F-423A-B9BC-E0EF5B3B6D04}"
EndProject
Project("{2150E333-8FDC-42A3-9474-1A3956D46DE8}") = "Backend", "Backend", "{216E8329-8595-463C-99CF-39DC7F5B4E39}"
EndProject
Project("{2150E333-8FDC-42A3-9474-1A3956D46DE8}") = "Frontend", "Frontend", "{3E2E92C4-E112-4E82-816C-417558893BC0}"
EndProject
Project("{2150E333-8FDC-42A3-9474-1A3956D46DE8}") = "Shared", "Shared", "{F1983EEA-F457-49CE-AE50-99981F280F43}"
EndProject
Global
	GlobalSection(SolutionConfigurationPlatforms) = preSolution
		Debug|Any CPU = Debug|Any CPU
		Release|Any CPU = Release|Any CPU
	EndGlobalSection
	GlobalSection(ProjectConfigurationPlatforms) = postSolution
		{70A83EFF-EB31-4FCA-B292-6E60CF3AB859}.Debug|Any CPU.ActiveCfg = Debug|Any CPU
		{70A83EFF-EB31-4FCA-B292-6E60CF3AB859}.Debug|Any CPU.Build.0 = Debug|Any CPU
		{70A83EFF-EB31-4FCA-B292-6E60CF3AB859}.Release|Any CPU.ActiveCfg = Release|Any CPU
		{70A83EFF-EB31-4FCA-B292-6E60CF3AB859}.Release|Any CPU.Build.0 = Release|Any CPU
		{A256EB49-F8E8-4721-A86F-D1DF5D52871C}.Debug|Any CPU.ActiveCfg = Debug|Any CPU
		{A256EB49-F8E8-4721-A86F-D1DF5D52871C}.Debug|Any CPU.Build.0 = Debug|Any CPU
		{A256EB49-F8E8-4721-A86F-D1DF5D52871C}.Release|Any CPU.ActiveCfg = Release|Any CPU
		{A256EB49-F8E8-4721-A86F-D1DF5D52871C}.Release|Any CPU.Build.0 = Release|Any CPU
		{F3E64B3A-CF53-4460-A114-8E24CD0FAE64}.Debug|Any CPU.ActiveCfg = Debug|Any CPU
		{F3E64B3A-CF53-4460-A114-8E24CD0FAE64}.Debug|Any CPU.Build.0 = Debug|Any CPU
		{F3E64B3A-CF53-4460-A114-8E24CD0FAE64}.Release|Any CPU.ActiveCfg = Release|Any CPU
		{F3E64B3A-CF53-4460-A114-8E24CD0FAE64}.Release|Any CPU.Build.0 = Release|Any CPU
		{054E4475-1CD8-4F58-B21D-2B5324114F8E}.Debug|Any CPU.ActiveCfg = Debug|Any CPU
		{054E4475-1CD8-4F58-B21D-2B5324114F8E}.Debug|Any CPU.Build.0 = Debug|Any CPU
		{054E4475-1CD8-4F58-B21D-2B5324114F8E}.Release|Any CPU.ActiveCfg = Release|Any CPU
		{054E4475-1CD8-4F58-B21D-2B5324114F8E}.Release|Any CPU.Build.0 = Release|Any CPU
		{6F23C0EC-62AD-4F44-8A32-80775ED41AC0}.Debug|Any CPU.ActiveCfg = Debug|Any CPU
		{6F23C0EC-62AD-4F44-8A32-80775ED41AC0}.Debug|Any CPU.Build.0 = Debug|Any CPU
		{6F23C0EC-62AD-4F44-8A32-80775ED41AC0}.Release|Any CPU.ActiveCfg = Release|Any CPU
		{6F23C0EC-62AD-4F44-8A32-80775ED41AC0}.Release|Any CPU.Build.0 = Release|Any CPU
		{3DF90FFE-638F-423A-B9BC-E0EF5B3B6D04}.Debug|Any CPU.ActiveCfg = Debug|Any CPU
		{3DF90FFE-638F-423A-B9BC-E0EF5B3B6D04}.Debug|Any CPU.Build.0 = Debug|Any CPU
		{3DF90FFE-638F-423A-B9BC-E0EF5B3B6D04}.Release|Any CPU.ActiveCfg = Release|Any CPU
		{3DF90FFE-638F-423A-B9BC-E0EF5B3B6D04}.Release|Any CPU.Build.0 = Release|Any CPU
	EndGlobalSection
	GlobalSection(SolutionProperties) = preSolution
		HideSolutionNode = FALSE
	EndGlobalSection
	GlobalSection(NestedProjects) = preSolution
		{70A83EFF-EB31-4FCA-B292-6E60CF3AB859} = {3E2E92C4-E112-4E82-816C-417558893BC0}
		{A256EB49-F8E8-4721-A86F-D1DF5D52871C} = {F1983EEA-F457-49CE-AE50-99981F280F43}
		{F3E64B3A-CF53-4460-A114-8E24CD0FAE64} = {216E8329-8595-463C-99CF-39DC7F5B4E39}
		{054E4475-1CD8-4F58-B21D-2B5324114F8E} = {216E8329-8595-463C-99CF-39DC7F5B4E39}
		{6F23C0EC-62AD-4F44-8A32-80775ED41AC0} = {216E8329-8595-463C-99CF-39DC7F5B4E39}
		{3DF90FFE-638F-423A-B9BC-E0EF5B3B6D04} = {216E8329-8595-463C-99CF-39DC7F5B4E39}
	EndGlobalSection
	GlobalSection(ExtensibilityGlobals) = postSolution
		SolutionGuid = {7CB33752-68F1-419A-9B72-8ACD47A9BACD}
	EndGlobalSection
EndGlobal
